{
  "name": "AUMext",
  "version": "0.0.0",
  "lockfileVersion": 1,
  "requires": true,
  "dependencies": {
    "arrive": {
      "version": "2.3.1",
      "resolved": "https://registry.npmjs.org/arrive/-/arrive-2.3.1.tgz",
      "integrity": "sha1-3CE45VFlHkCgnCUBOZcoiW2aWoY="
    },
    "jquery": {
      "version": "3.4.1",
      "resolved": "https://registry.npmjs.org/jquery/-/jquery-3.4.1.tgz",
      "integrity": "sha512-36+AdBzCL+y6qjw5Tx7HgzeGCzC81MDDgaUP8ld2zhx58HdqXGoBd+tHdrBMiyjGQs0Hxs/MLZTu/eHNJJuWPw=="
    }
  }
}
